// !$*UTF8*$!
{
	archiveVersion = 1;
	classes = {
	};
	objectVersion = 56;
	objects = {

/* Begin PBXBuildFile section */
		CC171DEE2A34A49B004B5675 /* CustomVisualEffectView.swift in Sources */ = {isa = PBXBuildFile; fileRef = CC171DED2A34A49B004B5675 /* CustomVisualEffectView.swift */; };
		CC171DF32A34AC86004B5675 /* AddNewBookViewController.swift in Sources */ = {isa = PBXBuildFile; fileRef = CC171DF12A34AC86004B5675 /* AddNewBookViewController.swift */; };
		CC171DF42A34AC86004B5675 /* AddNewBookViewController.xib in Resources */ = {isa = PBXBuildFile; fileRef = CC171DF22A34AC86004B5675 /* AddNewBookViewController.xib */; };
		CC171DF82A34AF16004B5675 /* MenuViewController.swift in Sources */ = {isa = PBXBuildFile; fileRef = CC171DF62A34AF16004B5675 /* MenuViewController.swift */; };
		CC171DF92A34AF16004B5675 /* MenuViewController.xib in Resources */ = {isa = PBXBuildFile; fileRef = CC171DF72A34AF16004B5675 /* MenuViewController.xib */; };
		CC171DFE2A34B132004B5675 /* SettingsViewController.swift in Sources */ = {isa = PBXBuildFile; fileRef = CC171DFC2A34B132004B5675 /* SettingsViewController.swift */; };
		CC171DFF2A34B132004B5675 /* SettingsViewController.xib in Resources */ = {isa = PBXBuildFile; fileRef = CC171DFD2A34B132004B5675 /* SettingsViewController.xib */; };
		CCB650932A38A3DD0028D935 /* RemoveViewController.swift in Sources */ = {isa = PBXBuildFile; fileRef = CCB650912A38A3DD0028D935 /* RemoveViewController.swift */; };
		CCB650942A38A3DD0028D935 /* RemoveViewController.xib in Resources */ = {isa = PBXBuildFile; fileRef = CCB650922A38A3DD0028D935 /* RemoveViewController.xib */; };
		CCC5FCA82A33945C001F9A4B /* AppDelegate.swift in Sources */ = {isa = PBXBuildFile; fileRef = CCC5FCA72A33945C001F9A4B /* AppDelegate.swift */; };
		CCC5FCAA2A33945C001F9A4B /* SceneDelegate.swift in Sources */ = {isa = PBXBuildFile; fileRef = CCC5FCA92A33945C001F9A4B /* SceneDelegate.swift */; };
		CCC5FCAC2A33945C001F9A4B /* LibraryViewController.swift in Sources */ = {isa = PBXBuildFile; fileRef = CCC5FCAB2A33945C001F9A4B /* LibraryViewController.swift */; };
		CCC5FCAF2A33945C001F9A4B /* Main.storyboard in Resources */ = {isa = PBXBuildFile; fileRef = CCC5FCAD2A33945C001F9A4B /* Main.storyboard */; };
		CCC5FCB12A33945D001F9A4B /* Assets.xcassets in Resources */ = {isa = PBXBuildFile; fileRef = CCC5FCB02A33945D001F9A4B /* Assets.xcassets */; };
		CCC5FCB42A33945D001F9A4B /* LaunchScreen.storyboard in Resources */ = {isa = PBXBuildFile; fileRef = CCC5FCB22A33945D001F9A4B /* LaunchScreen.storyboard */; };
		CCC5FCBF2A339A71001F9A4B /* MyCollectionViewCell.swift in Sources */ = {isa = PBXBuildFile; fileRef = CCC5FCBD2A339A71001F9A4B /* MyCollectionViewCell.swift */; };
		CCC5FCC02A339A71001F9A4B /* MyCollectionViewCell.xib in Resources */ = {isa = PBXBuildFile; fileRef = CCC5FCBE2A339A71001F9A4B /* MyCollectionViewCell.xib */; };
		CCC5FCCC2A33B1C7001F9A4B /* BookPreviewViewController.swift in Sources */ = {isa = PBXBuildFile; fileRef = CCC5FCCB2A33B1C7001F9A4B /* BookPreviewViewController.swift */; };
		CCC5FCD12A33B82D001F9A4B /* Books.swift in Sources */ = {isa = PBXBuildFile; fileRef = CCC5FCD02A33B82D001F9A4B /* Books.swift */; };
/* End PBXBuildFile section */

/* Begin PBXFileReference section */
		CC171DED2A34A49B004B5675 /* CustomVisualEffectView.swift */ = {isa = PBXFileReference; lastKnownFileType = sourcecode.swift; path = CustomVisualEffectView.swift; sourceTree = "<group>"; };
		CC171DF12A34AC86004B5675 /* AddNewBookViewController.swift */ = {isa = PBXFileReference; lastKnownFileType = sourcecode.swift; path = AddNewBookViewController.swift; sourceTree = "<group>"; };
		CC171DF22A34AC86004B5675 /* AddNewBookViewController.xib */ = {isa = PBXFileReference; lastKnownFileType = file.xib; path = AddNewBookViewController.xib; sourceTree = "<group>"; };
		CC171DF62A34AF16004B5675 /* MenuViewController.swift */ = {isa = PBXFileReference; lastKnownFileType = sourcecode.swift; path = MenuViewController.swift; sourceTree = "<group>"; };
		CC171DF72A34AF16004B5675 /* MenuViewController.xib */ = {isa = PBXFileReference; lastKnownFileType = file.xib; path = MenuViewController.xib; sourceTree = "<group>"; };
		CC171DFC2A34B132004B5675 /* SettingsViewController.swift */ = {isa = PBXFileReference; lastKnownFileType = sourcecode.swift; path = SettingsViewController.swift; sourceTree = "<group>"; };
		CC171DFD2A34B132004B5675 /* SettingsViewController.xib */ = {isa = PBXFileReference; lastKnownFileType = file.xib; path = SettingsViewController.xib; sourceTree = "<group>"; };
		CCB650912A38A3DD0028D935 /* RemoveViewController.swift */ = {isa = PBXFileReference; lastKnownFileType = sourcecode.swift; path = RemoveViewController.swift; sourceTree = "<group>"; };
		CCB650922A38A3DD0028D935 /* RemoveViewController.xib */ = {isa = PBXFileReference; lastKnownFileType = file.xib; path = RemoveViewController.xib; sourceTree = "<group>"; };
		CCC5FCA42A33945C001F9A4B /* BookLibrary.app */ = {isa = PBXFileReference; explicitFileType = wrapper.application; includeInIndex = 0; path = BookLibrary.app; sourceTree = BUILT_PRODUCTS_DIR; };
		CCC5FCA72A33945C001F9A4B /* AppDelegate.swift */ = {isa = PBXFileReference; lastKnownFileType = sourcecode.swift; path = AppDelegate.swift; sourceTree = "<group>"; };
		CCC5FCA92A33945C001F9A4B /* SceneDelegate.swift */ = {isa = PBXFileReference; lastKnownFileType = sourcecode.swift; path = SceneDelegate.swift; sourceTree = "<group>"; };
		CCC5FCAB2A33945C001F9A4B /* LibraryViewController.swift */ = {isa = PBXFileReference; lastKnownFileType = sourcecode.swift; path = LibraryViewController.swift; sourceTree = "<group>"; };
		CCC5FCAE2A33945C001F9A4B /* Base */ = {isa = PBXFileReference; lastKnownFileType = file.storyboard; name = Base; path = Base.lproj/Main.storyboard; sourceTree = "<group>"; };
		CCC5FCB02A33945D001F9A4B /* Assets.xcassets */ = {isa = PBXFileReference; lastKnownFileType = folder.assetcatalog; path = Assets.xcassets; sourceTree = "<group>"; };
		CCC5FCB32A33945D001F9A4B /* Base */ = {isa = PBXFileReference; lastKnownFileType = file.storyboard; name = Base; path = Base.lproj/LaunchScreen.storyboard; sourceTree = "<group>"; };
		CCC5FCB52A33945D001F9A4B /* Info.plist */ = {isa = PBXFileReference; lastKnownFileType = text.plist.xml; path = Info.plist; sourceTree = "<group>"; };
		CCC5FCBD2A339A71001F9A4B /* MyCollectionViewCell.swift */ = {isa = PBXFileReference; lastKnownFileType = sourcecode.swift; path = MyCollectionViewCell.swift; sourceTree = "<group>"; };
		CCC5FCBE2A339A71001F9A4B /* MyCollectionViewCell.xib */ = {isa = PBXFileReference; lastKnownFileType = file.xib; path = MyCollectionViewCell.xib; sourceTree = "<group>"; };
		CCC5FCCB2A33B1C7001F9A4B /* BookPreviewViewController.swift */ = {isa = PBXFileReference; lastKnownFileType = sourcecode.swift; path = BookPreviewViewController.swift; sourceTree = "<group>"; };
		CCC5FCD02A33B82D001F9A4B /* Books.swift */ = {isa = PBXFileReference; lastKnownFileType = sourcecode.swift; path = Books.swift; sourceTree = "<group>"; };
/* End PBXFileReference section */

/* Begin PBXFrameworksBuildPhase section */
		CCC5FCA12A33945C001F9A4B /* Frameworks */ = {
			isa = PBXFrameworksBuildPhase;
			buildActionMask = 2147483647;
			files = (
			);
			runOnlyForDeploymentPostprocessing = 0;
		};
/* End PBXFrameworksBuildPhase section */

/* Begin PBXGroup section */
		CC171DF02A34AC63004B5675 /* AddNewBook */ = {
			isa = PBXGroup;
			children = (
				CC171DF12A34AC86004B5675 /* AddNewBookViewController.swift */,
				CC171DF22A34AC86004B5675 /* AddNewBookViewController.xib */,
			);
			path = AddNewBook;
			sourceTree = "<group>";
		};
		CC171DF52A34AEFA004B5675 /* Menu */ = {
			isa = PBXGroup;
			children = (
				CC171DF62A34AF16004B5675 /* MenuViewController.swift */,
				CC171DF72A34AF16004B5675 /* MenuViewController.xib */,
				CCB650902A38A3BC0028D935 /* RemoveTheBook */,
				CC171DF02A34AC63004B5675 /* AddNewBook */,
			);
			path = Menu;
			sourceTree = "<group>";
		};
		CC171DFA2A34B0EF004B5675 /* BlurredBackground */ = {
			isa = PBXGroup;
			children = (
				CC171DED2A34A49B004B5675 /* CustomVisualEffectView.swift */,
			);
			path = BlurredBackground;
			sourceTree = "<group>";
		};
		CC171DFB2A34B11F004B5675 /* Settings */ = {
			isa = PBXGroup;
			children = (
				CC171DFC2A34B132004B5675 /* SettingsViewController.swift */,
				CC171DFD2A34B132004B5675 /* SettingsViewController.xib */,
			);
			path = Settings;
			sourceTree = "<group>";
		};
		CC171E022A34B953004B5675 /* LibraryAndBook */ = {
			isa = PBXGroup;
			children = (
				CCC5FCAB2A33945C001F9A4B /* LibraryViewController.swift */,
				CCC5FCCB2A33B1C7001F9A4B /* BookPreviewViewController.swift */,
				CCC5FCCD2A33B7B7001F9A4B /* Cell */,
			);
			path = LibraryAndBook;
			sourceTree = "<group>";
		};
		CC171E032A34B9A2004B5675 /* Supporting */ = {
			isa = PBXGroup;
			children = (
				CCC5FCAD2A33945C001F9A4B /* Main.storyboard */,
				CCC5FCB02A33945D001F9A4B /* Assets.xcassets */,
				CCC5FCB22A33945D001F9A4B /* LaunchScreen.storyboard */,
			);
			path = Supporting;
			sourceTree = "<group>";
		};
		CCB650902A38A3BC0028D935 /* RemoveTheBook */ = {
			isa = PBXGroup;
			children = (
				CCB650912A38A3DD0028D935 /* RemoveViewController.swift */,
				CCB650922A38A3DD0028D935 /* RemoveViewController.xib */,
			);
			path = RemoveTheBook;
			sourceTree = "<group>";
		};
		CCC5FC9B2A33945C001F9A4B = {
			isa = PBXGroup;
			children = (
				CCC5FCA62A33945C001F9A4B /* BookLibrary */,
				CCC5FCA52A33945C001F9A4B /* Products */,
			);
			sourceTree = "<group>";
		};
		CCC5FCA52A33945C001F9A4B /* Products */ = {
			isa = PBXGroup;
			children = (
				CCC5FCA42A33945C001F9A4B /* BookLibrary.app */,
			);
			name = Products;
			sourceTree = "<group>";
		};
		CCC5FCA62A33945C001F9A4B /* BookLibrary */ = {
			isa = PBXGroup;
			children = (
				CC171DFA2A34B0EF004B5675 /* BlurredBackground */,
				CCC5FCCF2A33B7F0001F9A4B /* Models */,
				CCC5FCA72A33945C001F9A4B /* AppDelegate.swift */,
				CCC5FCA92A33945C001F9A4B /* SceneDelegate.swift */,
				CC171E022A34B953004B5675 /* LibraryAndBook */,
				CC171DFB2A34B11F004B5675 /* Settings */,
				CC171DF52A34AEFA004B5675 /* Menu */,
				CC171E032A34B9A2004B5675 /* Supporting */,
				CCC5FCB52A33945D001F9A4B /* Info.plist */,
			);
			path = BookLibrary;
			sourceTree = "<group>";
		};
		CCC5FCCD2A33B7B7001F9A4B /* Cell */ = {
			isa = PBXGroup;
			children = (
				CCC5FCBD2A339A71001F9A4B /* MyCollectionViewCell.swift */,
				CCC5FCBE2A339A71001F9A4B /* MyCollectionViewCell.xib */,
			);
			path = Cell;
			sourceTree = "<group>";
		};
		CCC5FCCF2A33B7F0001F9A4B /* Models */ = {
			isa = PBXGroup;
			children = (
				CCC5FCD02A33B82D001F9A4B /* Books.swift */,
			);
			path = Models;
			sourceTree = "<group>";
		};
/* End PBXGroup section */

/* Begin PBXNativeTarget section */
		CCC5FCA32A33945C001F9A4B /* BookLibrary */ = {
			isa = PBXNativeTarget;
			buildConfigurationList = CCC5FCB82A33945D001F9A4B /* Build configuration list for PBXNativeTarget "BookLibrary" */;
			buildPhases = (
				CCC5FCA02A33945C001F9A4B /* Sources */,
				CCC5FCA12A33945C001F9A4B /* Frameworks */,
				CCC5FCA22A33945C001F9A4B /* Resources */,
			);
			buildRules = (
			);
			dependencies = (
			);
			name = BookLibrary;
			productName = BookLibrary;
			productReference = CCC5FCA42A33945C001F9A4B /* BookLibrary.app */;
			productType = "com.apple.product-type.application";
		};
/* End PBXNativeTarget section */

/* Begin PBXProject section */
		CCC5FC9C2A33945C001F9A4B /* Project object */ = {
			isa = PBXProject;
			attributes = {
				BuildIndependentTargetsInParallel = 1;
				LastSwiftUpdateCheck = 1430;
				LastUpgradeCheck = 1430;
				TargetAttributes = {
					CCC5FCA32A33945C001F9A4B = {
						CreatedOnToolsVersion = 14.3.1;
					};
				};
			};
			buildConfigurationList = CCC5FC9F2A33945C001F9A4B /* Build configuration list for PBXProject "BookLibrary" */;
			compatibilityVersion = "Xcode 14.0";
			developmentRegion = en;
			hasScannedForEncodings = 0;
			knownRegions = (
				en,
				Base,
			);
			mainGroup = CCC5FC9B2A33945C001F9A4B;
			productRefGroup = CCC5FCA52A33945C001F9A4B /* Products */;
			projectDirPath = "";
			projectRoot = "";
			targets = (
				CCC5FCA32A33945C001F9A4B /* BookLibrary */,
			);
		};
/* End PBXProject section */

/* Begin PBXResourcesBuildPhase section */
		CCC5FCA22A33945C001F9A4B /* Resources */ = {
			isa = PBXResourcesBuildPhase;
			buildActionMask = 2147483647;
			files = (
				CCC5FCB42A33945D001F9A4B /* LaunchScreen.storyboard in Resources */,
				CC171DF92A34AF16004B5675 /* MenuViewController.xib in Resources */,
				CCC5FCB12A33945D001F9A4B /* Assets.xcassets in Resources */,
				CCC5FCC02A339A71001F9A4B /* MyCollectionViewCell.xib in Resources */,
				CCC5FCAF2A33945C001F9A4B /* Main.storyboard in Resources */,
				CC171DFF2A34B132004B5675 /* SettingsViewController.xib in Resources */,
				CCB650942A38A3DD0028D935 /* RemoveViewController.xib in Resources */,
				CC171DF42A34AC86004B5675 /* AddNewBookViewController.xib in Resources */,
			);
			runOnlyForDeploymentPostprocessing = 0;
		};
/* End PBXResourcesBuildPhase section */

/* Begin PBXSourcesBuildPhase section */
		CCC5FCA02A33945C001F9A4B /* Sources */ = {
			isa = PBXSourcesBuildPhase;
			buildActionMask = 2147483647;
			files = (
				CCC5FCAC2A33945C001F9A4B /* LibraryViewController.swift in Sources */,
				CC171DF82A34AF16004B5675 /* MenuViewController.swift in Sources */,
				CC171DFE2A34B132004B5675 /* SettingsViewController.swift in Sources */,
				CCB650932A38A3DD0028D935 /* RemoveViewController.swift in Sources */,
				CCC5FCA82A33945C001F9A4B /* AppDelegate.swift in Sources */,
				CCC5FCCC2A33B1C7001F9A4B /* BookPreviewViewController.swift in Sources */,
				CCC5FCD12A33B82D001F9A4B /* Books.swift in Sources */,
				CCC5FCBF2A339A71001F9A4B /* MyCollectionViewCell.swift in Sources */,
				CC171DEE2A34A49B004B5675 /* CustomVisualEffectView.swift in Sources */,
				CCC5FCAA2A33945C001F9A4B /* SceneDelegate.swift in Sources */,
				CC171DF32A34AC86004B5675 /* AddNewBookViewController.swift in Sources */,
			);
			runOnlyForDeploymentPostprocessing = 0;
		};
/* End PBXSourcesBuildPhase section */

/* Begin PBXVariantGroup section */
		CCC5FCAD2A33945C001F9A4B /* Main.storyboard */ = {
			isa = PBXVariantGroup;
			children = (
				CCC5FCAE2A33945C001F9A4B /* Base */,
			);
			name = Main.storyboard;
			sourceTree = "<group>";
		};
		CCC5FCB22A33945D001F9A4B /* LaunchScreen.storyboard */ = {
			isa = PBXVariantGroup;
			children = (
				CCC5FCB32A33945D001F9A4B /* Base */,
			);
			name = LaunchScreen.storyboard;
			sourceTree = "<group>";
		};
/* End PBXVariantGroup section */

/* Begin XCBuildConfiguration section */
		CCC5FCB62A33945D001F9A4B /* Debug */ = {
			isa = XCBuildConfiguration;
			buildSettings = {
				ALWAYS_SEARCH_USER_PATHS = NO;
				CLANG_ANALYZER_NONNULL = YES;
				CLANG_ANALYZER_NUMBER_OBJECT_CONVERSION = YES_AGGRESSIVE;
				CLANG_CXX_LANGUAGE_STANDARD = "gnu++20";
				CLANG_ENABLE_MODULES = YES;
				CLANG_ENABLE_OBJC_ARC = YES;
				CLANG_ENABLE_OBJC_WEAK = YES;
				CLANG_WARN_BLOCK_CAPTURE_AUTORELEASING = YES;
				CLANG_WARN_BOOL_CONVERSION = YES;
				CLANG_WARN_COMMA = YES;
				CLANG_WARN_CONSTANT_CONVERSION = YES;
				CLANG_WARN_DEPRECATED_OBJC_IMPLEMENTATIONS = YES;
				CLANG_WARN_DIRECT_OBJC_ISA_USAGE = YES_ERROR;
				CLANG_WARN_DOCUMENTATION_COMMENTS = YES;
				CLANG_WARN_EMPTY_BODY = YES;
				CLANG_WARN_ENUM_CONVERSION = YES;
				CLANG_WARN_INFINITE_RECURSION = YES;
				CLANG_WARN_INT_CONVERSION = YES;
				CLANG_WARN_NON_LITERAL_NULL_CONVERSION = YES;
				CLANG_WARN_OBJC_IMPLICIT_RETAIN_SELF = YES;
				CLANG_WARN_OBJC_LITERAL_CONVERSION = YES;
				CLANG_WARN_OBJC_ROOT_CLASS = YES_ERROR;
				CLANG_WARN_QUOTED_INCLUDE_IN_FRAMEWORK_HEADER = YES;
				CLANG_WARN_RANGE_LOOP_ANALYSIS = YES;
				CLANG_WARN_STRICT_PROTOTYPES = YES;
				CLANG_WARN_SUSPICIOUS_MOVE = YES;
				CLANG_WARN_UNGUARDED_AVAILABILITY = YES_AGGRESSIVE;
				CLANG_WARN_UNREACHABLE_CODE = YES;
				CLANG_WARN__DUPLICATE_METHOD_MATCH = YES;
				COPY_PHASE_STRIP = NO;
				DEBUG_INFORMATION_FORMAT = dwarf;
				ENABLE_STRICT_OBJC_MSGSEND = YES;
				ENABLE_TESTABILITY = YES;
				GCC_C_LANGUAGE_STANDARD = gnu11;
				GCC_DYNAMIC_NO_PIC = NO;
				GCC_NO_COMMON_BLOCKS = YES;
				GCC_OPTIMIZATION_LEVEL = 0;
				GCC_PREPROCESSOR_DEFINITIONS = (
					"DEBUG=1",
					"$(inherited)",
				);
				GCC_WARN_64_TO_32_BIT_CONVERSION = YES;
				GCC_WARN_ABOUT_RETURN_TYPE = YES_ERROR;
				GCC_WARN_UNDECLARED_SELECTOR = YES;
				GCC_WARN_UNINITIALIZED_AUTOS = YES_AGGRESSIVE;
				GCC_WARN_UNUSED_FUNCTION = YES;
				GCC_WARN_UNUSED_VARIABLE = YES;
				IPHONEOS_DEPLOYMENT_TARGET = 16.4;
				MTL_ENABLE_DEBUG_INFO = INCLUDE_SOURCE;
				MTL_FAST_MATH = YES;
				ONLY_ACTIVE_ARCH = YES;
				SDKROOT = iphoneos;
				SWIFT_ACTIVE_COMPILATION_CONDITIONS = DEBUG;
				SWIFT_OPTIMIZATION_LEVEL = "-Onone";
			};
			name = Debug;
		};
		CCC5FCB72A33945D001F9A4B /* Release */ = {
			isa = XCBuildConfiguration;
			buildSettings = {
				ALWAYS_SEARCH_USER_PATHS = NO;
				CLANG_ANALYZER_NONNULL = YES;
				CLANG_ANALYZER_NUMBER_OBJECT_CONVERSION = YES_AGGRESSIVE;
				CLANG_CXX_LANGUAGE_STANDARD = "gnu++20";
				CLANG_ENABLE_MODULES = YES;
				CLANG_ENABLE_OBJC_ARC = YES;
				CLANG_ENABLE_OBJC_WEAK = YES;
				CLANG_WARN_BLOCK_CAPTURE_AUTORELEASING = YES;
				CLANG_WARN_BOOL_CONVERSION = YES;
				CLANG_WARN_COMMA = YES;
				CLANG_WARN_CONSTANT_CONVERSION = YES;
				CLANG_WARN_DEPRECATED_OBJC_IMPLEMENTATIONS = YES;
				CLANG_WARN_DIRECT_OBJC_ISA_USAGE = YES_ERROR;
				CLANG_WARN_DOCUMENTATION_COMMENTS = YES;
				CLANG_WARN_EMPTY_BODY = YES;
				CLANG_WARN_ENUM_CONVERSION = YES;
				CLANG_WARN_INFINITE_RECURSION = YES;
				CLANG_WARN_INT_CONVERSION = YES;
				CLANG_WARN_NON_LITERAL_NULL_CONVERSION = YES;
				CLANG_WARN_OBJC_IMPLICIT_RETAIN_SELF = YES;
				CLANG_WARN_OBJC_LITERAL_CONVERSION = YES;
				CLANG_WARN_OBJC_ROOT_CLASS = YES_ERROR;
				CLANG_WARN_QUOTED_INCLUDE_IN_FRAMEWORK_HEADER = YES;
				CLANG_WARN_RANGE_LOOP_ANALYSIS = YES;
				CLANG_WARN_STRICT_PROTOTYPES = YES;
				CLANG_WARN_SUSPICIOUS_MOVE = YES;
				CLANG_WARN_UNGUARDED_AVAILABILITY = YES_AGGRESSIVE;
				CLANG_WARN_UNREACHABLE_CODE = YES;
				CLANG_WARN__DUPLICATE_METHOD_MATCH = YES;
				COPY_PHASE_STRIP = NO;
				DEBUG_INFORMATION_FORMAT = "dwarf-with-dsym";
				ENABLE_NS_ASSERTIONS = NO;
				ENABLE_STRICT_OBJC_MSGSEND = YES;
				GCC_C_LANGUAGE_STANDARD = gnu11;
				GCC_NO_COMMON_BLOCKS = YES;
				GCC_WARN_64_TO_32_BIT_CONVERSION = YES;
				GCC_WARN_ABOUT_RETURN_TYPE = YES_ERROR;
				GCC_WARN_UNDECLARED_SELECTOR = YES;
				GCC_WARN_UNINITIALIZED_AUTOS = YES_AGGRESSIVE;
				GCC_WARN_UNUSED_FUNCTION = YES;
				GCC_WARN_UNUSED_VARIABLE = YES;
				IPHONEOS_DEPLOYMENT_TARGET = 16.4;
				MTL_ENABLE_DEBUG_INFO = NO;
				MTL_FAST_MATH = YES;
				SDKROOT = iphoneos;
				SWIFT_COMPILATION_MODE = wholemodule;
				SWIFT_OPTIMIZATION_LEVEL = "-O";
				VALIDATE_PRODUCT = YES;
			};
			name = Release;
		};
		CCC5FCB92A33945D001F9A4B /* Debug */ = {
			isa = XCBuildConfiguration;
			buildSettings = {
				ASSETCATALOG_COMPILER_APPICON_NAME = AppIcon;
				ASSETCATALOG_COMPILER_GLOBAL_ACCENT_COLOR_NAME = AccentColor;
				CODE_SIGN_STYLE = Automatic;
				CURRENT_PROJECT_VERSION = 1;
				DEVELOPMENT_TEAM = WS26NXG635;
				GENERATE_INFOPLIST_FILE = YES;
				INFOPLIST_FILE = BookLibrary/Info.plist;
				INFOPLIST_KEY_UIApplicationSupportsIndirectInputEvents = YES;
				INFOPLIST_KEY_UILaunchStoryboardName = LaunchScreen;
				INFOPLIST_KEY_UIMainStoryboardFile = Main;
				INFOPLIST_KEY_UISupportedInterfaceOrientations_iPad = "UIInterfaceOrientationPortrait UIInterfaceOrientationPortraitUpsideDown UIInterfaceOrientationLandscapeLeft UIInterfaceOrientationLandscapeRight";
				INFOPLIST_KEY_UISupportedInterfaceOrientations_iPhone = "UIInterfaceOrientationPortrait UIInterfaceOrientationLandscapeLeft UIInterfaceOrientationLandscapeRight";
				LD_RUNPATH_SEARCH_PATHS = (
					"$(inherited)",
					"@executable_path/Frameworks",
				);
				MARKETING_VERSION = 1.0;
				PRODUCT_BUNDLE_IDENTIFIER = "ios-Swiftbook.BookLibrary";
				PRODUCT_NAME = "$(TARGET_NAME)";
				SWIFT_EMIT_LOC_STRINGS = YES;
				SWIFT_VERSION = 5.0;
				TARGETED_DEVICE_FAMILY = "1,2";
			};
			name = Debug;
		};
		CCC5FCBA2A33945D001F9A4B /* Release */ = {
			isa = XCBuildConfiguration;
			buildSettings = {
				ASSETCATALOG_COMPILER_APPICON_NAME = AppIcon;
				ASSETCATALOG_COMPILER_GLOBAL_ACCENT_COLOR_NAME = AccentColor;
				CODE_SIGN_STYLE = Automatic;
				CURRENT_PROJECT_VERSION = 1;
				DEVELOPMENT_TEAM = WS26NXG635;
				GENERATE_INFOPLIST_FILE = YES;
				INFOPLIST_FILE = BookLibrary/Info.plist;
				INFOPLIST_KEY_UIApplicationSupportsIndirectInputEvents = YES;
				INFOPLIST_KEY_UILaunchStoryboardName = LaunchScreen;
				INFOPLIST_KEY_UIMainStoryboardFile = Main;
				INFOPLIST_KEY_UISupportedInterfaceOrientations_iPad = "UIInterfaceOrientationPortrait UIInterfaceOrientationPortraitUpsideDown UIInterfaceOrientationLandscapeLeft UIInterfaceOrientationLandscapeRight";
				INFOPLIST_KEY_UISupportedInterfaceOrientations_iPhone = "UIInterfaceOrientationPortrait UIInterfaceOrientationLandscapeLeft UIInterfaceOrientationLandscapeRight";
				LD_RUNPATH_SEARCH_PATHS = (
					"$(inherited)",
					"@executable_path/Frameworks",
				);
				MARKETING_VERSION = 1.0;
				PRODUCT_BUNDLE_IDENTIFIER = "ios-Swiftbook.BookLibrary";
				PRODUCT_NAME = "$(TARGET_NAME)";
				SWIFT_EMIT_LOC_STRINGS = YES;
				SWIFT_VERSION = 5.0;
				TARGETED_DEVICE_FAMILY = "1,2";
			};
			name = Release;
		};
/* End XCBuildConfiguration section */

/* Begin XCConfigurationList section */
		CCC5FC9F2A33945C001F9A4B /* Build configuration list for PBXProject "BookLibrary" */ = {
			isa = XCConfigurationList;
			buildConfigurations = (
				CCC5FCB62A33945D001F9A4B /* Debug */,
				CCC5FCB72A33945D001F9A4B /* Release */,
			);
			defaultConfigurationIsVisible = 0;
			defaultConfigurationName = Release;
		};
		CCC5FCB82A33945D001F9A4B /* Build configuration list for PBXNativeTarget "BookLibrary" */ = {
			isa = XCConfigurationList;
			buildConfigurations = (
				CCC5FCB92A33945D001F9A4B /* Debug */,
				CCC5FCBA2A33945D001F9A4B /* Release */,
			);
			defaultConfigurationIsVisible = 0;
			defaultConfigurationName = Release;
		};
/* End XCConfigurationList section */
	};
	rootObject = CCC5FC9C2A33945C001F9A4B /* Project object */;
}
